<?xml version="1.0" encoding="utf-8"?>
<Project xmlns="http://schemas.microsoft.com/developer/msbuild/2003">
  <ItemGroup>
    <Filter Include="Generated Files">
      <UniqueIdentifier>{71ED8ED8-ACB9-4CE9-BBE1-E00B30144E11}</UniqueIdentifier>
      <Extensions>cpp;c;cxx;moc;h;def;odl;idl;res;</Extensions>
    </Filter>
    <Filter Include="Generated Files">
      <UniqueIdentifier>{71ED8ED8-ACB9-4CE9-BBE1-E00B30144E11}</UniqueIdentifier>
      <Extensions>cpp;c;cxx;moc;h;def;odl;idl;res;</Extensions>
    </Filter>
    <Filter Include="Header Files">
      <UniqueIdentifier>{93995380-89BD-4b04-88EB-625FBE52EBFB}</UniqueIdentifier>
      <Extensions>h;hpp;hxx;hm;inl;inc;xsd</Extensions>
    </Filter>
    <Filter Include="Header Files">
      <UniqueIdentifier>{93995380-89BD-4b04-88EB-625FBE52EBFB}</UniqueIdentifier>
      <Extensions>h;hpp;hxx;hm;inl;inc;xsd</Extensions>
    </Filter>
    <Filter Include="Resource Files">
      <UniqueIdentifier>{D9D6E242-F8AF-46E4-B9FD-80ECBC20BA3E}</UniqueIdentifier>
      <Extensions>qrc;*</Extensions>
      <ParseFiles>false</ParseFiles>
    </Filter>
    <Filter Include="Resource Files">
      <UniqueIdentifier>{D9D6E242-F8AF-46E4-B9FD-80ECBC20BA3E}</UniqueIdentifier>
      <Extensions>qrc;*</Extensions>
      <ParseFiles>false</ParseFiles>
    </Filter>
    <Filter Include="Source Files">
      <UniqueIdentifier>{4FC737F1-C7A5-4376-A066-2A32D752A2FF}</UniqueIdentifier>
      <Extensions>cpp;c;cxx;def;odl;idl;hpj;bat;asm;asmx</Extensions>
    </Filter>
    <Filter Include="Source Files">
      <UniqueIdentifier>{4FC737F1-C7A5-4376-A066-2A32D752A2FF}</UniqueIdentifier>
      <Extensions>cpp;c;cxx;def;odl;idl;hpj;bat;asm;asmx</Extensions>
    </Filter>
  </ItemGroup>
  <ItemGroup>
    <ClCompile Include="abstractmetabuilder.cpp">
      <Filter>Source Files</Filter>
    </ClCompile>
    <ClCompile Include="abstractmetalang.cpp">
      <Filter>Source Files</Filter>
    </ClCompile>
    <ClCompile Include="parser\ast.cpp">
      <Filter>Source Files</Filter>
    </ClCompile>
    <ClCompile Include="asttoxml.cpp">
      <Filter>Source Files</Filter>
    </ClCompile>
    <ClCompile Include="parser\binder.cpp">
      <Filter>Source Files</Filter>
    </ClCompile>
    <ClCompile Include="parser\class_compiler.cpp">
      <Filter>Source Files</Filter>
    </ClCompile>
    <ClCompile Include="classgenerator.cpp">
      <Filter>Source Files</Filter>
    </ClCompile>
    <ClCompile Include="parser\codemodel.cpp">
      <Filter>Source Files</Filter>
    </ClCompile>
    <ClCompile Include="parser\codemodel_finder.cpp">
      <Filter>Source Files</Filter>
    </ClCompile>
    <ClCompile Include="parser\compiler_utils.cpp">
      <Filter>Source Files</Filter>
    </ClCompile>
    <ClCompile Include="parser\control.cpp">
      <Filter>Source Files</Filter>
    </ClCompile>
    <ClCompile Include="customtypes.cpp">
      <Filter>Source Files</Filter>
    </ClCompile>
    <ClCompile Include="parser\declarator_compiler.cpp">
      <Filter>Source Files</Filter>
    </ClCompile>
    <ClCompile Include="parser\default_visitor.cpp">
      <Filter>Source Files</Filter>
    </ClCompile>
    <ClCompile Include="docgenerator.cpp">
      <Filter>Source Files</Filter>
    </ClCompile>
    <ClCompile Include="parser\dumptree.cpp">
      <Filter>Source Files</Filter>
    </ClCompile>
    <ClCompile Include="fileout.cpp">
      <Filter>Source Files</Filter>
    </ClCompile>
    <ClCompile Include="generator.cpp">
      <Filter>Source Files</Filter>
    </ClCompile>
    <ClCompile Include="generatorset.cpp">
      <Filter>Source Files</Filter>
    </ClCompile>
    <ClCompile Include="generatorsetqtscript.cpp">
      <Filter>Source Files</Filter>
    </ClCompile>
    <ClCompile Include="jsxgenerator.cpp">
      <Filter>Source Files</Filter>
    </ClCompile>
    <ClCompile Include="parser\lexer.cpp">
      <Filter>Source Files</Filter>
    </ClCompile>
    <ClCompile Include="parser\list.cpp">
      <Filter>Source Files</Filter>
    </ClCompile>
    <ClCompile Include="main.cpp">
      <Filter>Source Files</Filter>
    </ClCompile>
    <ClCompile Include="metajava.cpp">
      <Filter>Source Files</Filter>
    </ClCompile>
    <ClCompile Include="metaqtscript.cpp">
      <Filter>Source Files</Filter>
    </ClCompile>
    <ClCompile Include="metaqtscriptbuilder.cpp">
      <Filter>Source Files</Filter>
    </ClCompile>
    <ClCompile Include="parser\name_compiler.cpp">
      <Filter>Source Files</Filter>
    </ClCompile>
    <ClCompile Include="parser\parser.cpp">
      <Filter>Source Files</Filter>
    </ClCompile>
    <ClCompile Include="parser\rpp\preprocessor.cpp">
      <Filter>Source Files</Filter>
    </ClCompile>
    <ClCompile Include="prigenerator.cpp">
      <Filter>Source Files</Filter>
    </ClCompile>
    <ClCompile Include="reporthandler.cpp">
      <Filter>Source Files</Filter>
    </ClCompile>
    <ClCompile Include="setupgenerator.cpp">
      <Filter>Source Files</Filter>
    </ClCompile>
    <ClCompile Include="shellgenerator.cpp">
      <Filter>Source Files</Filter>
    </ClCompile>
    <ClCompile Include="shellheadergenerator.cpp">
      <Filter>Source Files</Filter>
    </ClCompile>
    <ClCompile Include="shellimplgenerator.cpp">
      <Filter>Source Files</Filter>
    </ClCompile>
    <ClCompile Include="parser\smallobject.cpp">
      <Filter>Source Files</Filter>
    </ClCompile>
    <ClCompile Include="parser\tokens.cpp">
      <Filter>Source Files</Filter>
    </ClCompile>
    <ClCompile Include="parser\type_compiler.cpp">
      <Filter>Source Files</Filter>
    </ClCompile>
    <ClCompile Include="typeparser.cpp">
      <Filter>Source Files</Filter>
    </ClCompile>
    <ClCompile Include="typesystem.cpp">
      <Filter>Source Files</Filter>
    </ClCompile>
    <ClCompile Include="parser\visitor.cpp">
      <Filter>Source Files</Filter>
    </ClCompile>
  </ItemGroup>
  <ItemGroup>
    <ClInclude Include="abstractmetabuilder.h">
      <Filter>Header Files</Filter>
    </ClInclude>
    <ClInclude Include="abstractmetalang.h">
      <Filter>Header Files</Filter>
    </ClInclude>
    <ClInclude Include="parser\ast.h">
      <Filter>Header Files</Filter>
    </ClInclude>
    <ClInclude Include="asttoxml.h">
      <Filter>Header Files</Filter>
    </ClInclude>
    <ClInclude Include="parser\binder.h">
      <Filter>Header Files</Filter>
    </ClInclude>
    <ClInclude Include="parser\class_compiler.h">
      <Filter>Header Files</Filter>
    </ClInclude>
    <QtMoc Include="classgenerator.h">
      <Filter>Header Files</Filter>
    </QtMoc>
    <ClInclude Include="parser\codemodel.h">
      <Filter>Header Files</Filter>
    </ClInclude>
    <ClInclude Include="parser\codemodel_finder.h">
      <Filter>Header Files</Filter>
    </ClInclude>
    <ClInclude Include="parser\codemodel_fwd.h">
      <Filter>Header Files</Filter>
    </ClInclude>
    <ClInclude Include="parser\codemodel_pointer.h">
      <Filter>Header Files</Filter>
    </ClInclude>
    <ClInclude Include="parser\compiler_utils.h">
      <Filter>Header Files</Filter>
    </ClInclude>
    <ClInclude Include="parser\control.h">
      <Filter>Header Files</Filter>
    </ClInclude>
    <ClInclude Include="customtypes.h">
      <Filter>Header Files</Filter>
    </ClInclude>
    <ClInclude Include="parser\declarator_compiler.h">
      <Filter>Header Files</Filter>
    </ClInclude>
    <ClInclude Include="parser\default_visitor.h">
      <Filter>Header Files</Filter>
    </ClInclude>
    <ClInclude Include="docgenerator.h">
      <Filter>Header Files</Filter>
    </ClInclude>
    <ClInclude Include="parser\dumptree.h">
      <Filter>Header Files</Filter>
    </ClInclude>
    <QtMoc Include="fileout.h">
      <Filter>Header Files</Filter>
    </QtMoc>
    <QtMoc Include="generator.h">
      <Filter>Header Files</Filter>
    </QtMoc>
    <QtMoc Include="generatorset.h">
      <Filter>Header Files</Filter>
    </QtMoc>
    <QtMoc Include="generatorsetqtscript.h">
      <Filter>Header Files</Filter>
    </QtMoc>
    <ClInclude Include="jsxgenerator.h">
      <Filter>Header Files</Filter>
    </ClInclude>
    <ClInclude Include="parser\lexer.h">
      <Filter>Header Files</Filter>
    </ClInclude>
    <ClInclude Include="parser\list.h">
      <Filter>Header Files</Filter>
    </ClInclude>
    <ClInclude Include="main.h">
      <Filter>Header Files</Filter>
    </ClInclude>
    <ClInclude Include="metajava.h">
      <Filter>Header Files</Filter>
    </ClInclude>
    <ClInclude Include="metaqtscript.h">
      <Filter>Header Files</Filter>
    </ClInclude>
    <ClInclude Include="metaqtscriptbuilder.h">
      <Filter>Header Files</Filter>
    </ClInclude>
    <ClInclude Include="parser\name_compiler.h">
      <Filter>Header Files</Filter>
    </ClInclude>
    <ClInclude Include="parser\parser.h">
      <Filter>Header Files</Filter>
    </ClInclude>
    <ClInclude Include="parser\rpp\pp-cctype.h">
      <Filter>Header Files</Filter>
    </ClInclude>
    <ClInclude Include="parser\rpp\pp-engine-bits.h">
      <Filter>Header Files</Filter>
    </ClInclude>
    <ClInclude Include="parser\rpp\pp-engine.h">
      <Filter>Header Files</Filter>
    </ClInclude>
    <ClInclude Include="parser\rpp\pp-environment.h">
      <Filter>Header Files</Filter>
    </ClInclude>
    <ClInclude Include="parser\rpp\pp-fwd.h">
      <Filter>Header Files</Filter>
    </ClInclude>
    <ClInclude Include="parser\rpp\pp-internal.h">
      <Filter>Header Files</Filter>
    </ClInclude>
    <ClInclude Include="parser\rpp\pp-iterator.h">
      <Filter>Header Files</Filter>
    </ClInclude>
    <ClInclude Include="parser\rpp\pp-macro-expander.h">
      <Filter>Header Files</Filter>
    </ClInclude>
    <ClInclude Include="parser\rpp\pp-macro.h">
      <Filter>Header Files</Filter>
    </ClInclude>
    <ClInclude Include="parser\rpp\pp-scanner.h">
      <Filter>Header Files</Filter>
    </ClInclude>
    <ClInclude Include="parser\rpp\pp-string.h">
      <Filter>Header Files</Filter>
    </ClInclude>
    <ClInclude Include="parser\rpp\pp-symbol.h">
      <Filter>Header Files</Filter>
    </ClInclude>
    <ClInclude Include="parser\rpp\pp.h">
      <Filter>Header Files</Filter>
    </ClInclude>
    <ClInclude Include="parser\rpp\preprocessor.h">
      <Filter>Header Files</Filter>
    </ClInclude>
    <QtMoc Include="prigenerator.h">
      <Filter>Header Files</Filter>
    </QtMoc>
    <ClInclude Include="reporthandler.h">
      <Filter>Header Files</Filter>
    </ClInclude>
    <ClInclude Include="parser\rpp-allocator.h">
      <Filter>Header Files</Filter>
    </ClInclude>
    <ClInclude Include="parser\rxx_allocator.h">
      <Filter>Header Files</Filter>
    </ClInclude>
    <QtMoc Include="setupgenerator.h">
      <Filter>Header Files</Filter>
    </QtMoc>
    <QtMoc Include="shellgenerator.h">
      <Filter>Header Files</Filter>
    </QtMoc>
    <QtMoc Include="shellheadergenerator.h">
      <Filter>Header Files</Filter>
    </QtMoc>
    <QtMoc Include="shellimplgenerator.h">
      <Filter>Header Files</Filter>
    </QtMoc>
    <ClInclude Include="parser\smallobject.h">
      <Filter>Header Files</Filter>
    </ClInclude>
    <ClInclude Include="parser\symbol.h">
      <Filter>Header Files</Filter>
    </ClInclude>
    <ClInclude Include="parser\tokens.h">
      <Filter>Header Files</Filter>
    </ClInclude>
    <ClInclude Include="parser\type_compiler.h">
      <Filter>Header Files</Filter>
    </ClInclude>
    <ClInclude Include="typeparser.h">
      <Filter>Header Files</Filter>
    </ClInclude>
    <ClInclude Include="typesystem.h">
      <Filter>Header Files</Filter>
    </ClInclude>
    <ClInclude Include="parser\visitor.h">
      <Filter>Header Files</Filter>
    </ClInclude>
  </ItemGroup>
  <ItemGroup>
    <CustomBuild Include="debug\moc_predefs.h.cbt">
      <Filter>Generated Files</Filter>
    </CustomBuild>
    <CustomBuild Include="release\moc_predefs.h.cbt">
      <Filter>Generated Files</Filter>
    </CustomBuild>
  </ItemGroup>
  <ItemGroup>
    <None Include="build_all.txt">
      <Filter>Resource Files</Filter>
    </None>
    <QtRcc Include="generator.qrc">
      <Filter>Resource Files</Filter>
    </QtRcc>
    <None Include="parser\rpp\pp-qt-configuration">
      <Filter>Resource Files</Filter>
    </None>
    <None Include="qtscript_masterinclude.h">
      <Filter>Resource Files</Filter>
    </None>
    <None Include="typesystem_core.xml">
      <Filter>Resource Files</Filter>
    </None>
    <None Include="typesystem_gui.xml">
      <Filter>Resource Files</Filter>
    </None>
    <None Include="typesystem_multimedia.xml">
      <Filter>Resource Files</Filter>
    </None>
    <None Include="typesystem_network.xml">
      <Filter>Resource Files</Filter>
    </None>
    <None Include="typesystem_opengl.xml">
      <Filter>Resource Files</Filter>
    </None>
    <None Include="typesystem_printsupport.xml">
      <Filter>Resource Files</Filter>
    </None>
    <None Include="typesystem_sql.xml">
      <Filter>Resource Files</Filter>
    </None>
    <None Include="typesystem_svg.xml">
      <Filter>Resource Files</Filter>
    </None>
    <None Include="typesystem_uitools.xml">
      <Filter>Resource Files</Filter>
    </None>
    <None Include="typesystem_widgets.xml">
      <Filter>Resource Files</Filter>
    </None>
    <None Include="typesystem_xml.xml">
      <Filter>Resource Files</Filter>
    </None>
    <None Include="typesystem_xmlpatterns.xml">
      <Filter>Resource Files</Filter>
    </None>
  </ItemGroup>
</Project>