
Microsoft Visual Studio Solution File, Format Version 12.00
# Visual Studio Version 17
VisualStudioVersion = 17.13.35919.96 d17.13
MinimumVisualStudioVersion = 10.0.40219.1
Project("{8BC9CEB8-8B4A-11D0-8D11-00A0C91BC942}") = "generator", "generator.vcxproj", "{7DC4FFE8-1E02-369A-86C6-499628F61B14}"
EndProject
Global
	GlobalSection(SolutionConfigurationPlatforms) = preSolution
		Debug|x64 = Debug|x64
		Release|x64 = Release|x64
	EndGlobalSection
	GlobalSection(ProjectConfigurationPlatforms) = postSolution
		{7DC4FFE8-1E02-369A-86C6-499628F61B14}.Debug|x64.ActiveCfg = Debug|x64
		{7DC4FFE8-1E02-369A-86C6-499628F61B14}.Debug|x64.Build.0 = Debug|x64
		{7DC4FFE8-1E02-369A-86C6-499628F61B14}.Release|x64.ActiveCfg = Release|x64
		{7DC4FFE8-1E02-369A-86C6-499628F61B14}.Release|x64.Build.0 = Release|x64
	EndGlobalSection
	GlobalSection(SolutionProperties) = preSolution
		HideSolutionNode = FALSE
	EndGlobalSection
	GlobalSection(ExtensibilityGlobals) = postSolution
		SolutionGuid = {4F2AB7F8-C14C-4234-A3BD-A75217F3C468}
	EndGlobalSection
EndGlobal
